
Microsoft Visual Studio Solution File, Format Version 12.00
# Visual Studio Version 17
VisualStudioVersion = 17.4.33213.308
MinimumVisualStudioVersion = 10.0.40219.1
Project("{FAE04EC0-301F-11D3-BF4B-00C04F79EFBC}") = "Bimser_TestAutomation", "Bimser_TestAutomation\Bimser_TestAutomation.csproj", "{A07BF204-7190-4872-84C9-A94AA0E1121F}"
EndProject
Global
	GlobalSection(SolutionConfigurationPlatforms) = preSolution
		Debug|Any CPU = Debug|Any CPU
		Release|Any CPU = Release|Any CPU
	EndGlobalSection
	GlobalSection(ProjectConfigurationPlatforms) = postSolution
		{A07BF204-7190-4872-84C9-A94AA0E1121F}.Debug|Any CPU.ActiveCfg = Debug|Any CPU
		{A07BF204-7190-4872-84C9-A94AA0E1121F}.Debug|Any CPU.Build.0 = Debug|Any CPU
		{A07BF204-7190-4872-84C9-A94AA0E1121F}.Release|Any CPU.ActiveCfg = Release|Any CPU
		{A07BF204-7190-4872-84C9-A94AA0E1121F}.Release|Any CPU.Build.0 = Release|Any CPU
	EndGlobalSection
	GlobalSection(SolutionProperties) = preSolution
		HideSolutionNode = FALSE
	EndGlobalSection
	GlobalSection(ExtensibilityGlobals) = postSolution
		SolutionGuid = {912E779F-7E41-4A1C-997E-9E962F4814A5}
	EndGlobalSection
EndGlobal
